
Microsoft Visual Studio Solution File, Format Version 12.00
# Visual Studio Version 16
VisualStudioVersion = 16.0.32002.261
MinimumVisualStudioVersion = 10.0.40219.1
Project("{FAE04EC0-301F-11D3-BF4B-00C04F79EFBC}") = "WPFProjectTracker", "WPFProjectTracker\WPFProjectTracker.csproj", "{67120E3A-F5FC-4DC8-B515-F936986397DD}"
EndProject
Global
	GlobalSection(SolutionConfigurationPlatforms) = preSolution
		Debug|Any CPU = Debug|Any CPU
		Release|Any CPU = Release|Any CPU
	EndGlobalSection
	GlobalSection(ProjectConfigurationPlatforms) = postSolution
		{67120E3A-F5FC-4DC8-B515-F936986397DD}.Debug|Any CPU.ActiveCfg = Debug|Any CPU
		{67120E3A-F5FC-4DC8-B515-F936986397DD}.Debug|Any CPU.Build.0 = Debug|Any CPU
		{67120E3A-F5FC-4DC8-B515-F936986397DD}.Release|Any CPU.ActiveCfg = Release|Any CPU
		{67120E3A-F5FC-4DC8-B515-F936986397DD}.Release|Any CPU.Build.0 = Release|Any CPU
	EndGlobalSection
	GlobalSection(SolutionProperties) = preSolution
		HideSolutionNode = FALSE
	EndGlobalSection
	GlobalSection(ExtensibilityGlobals) = postSolution
		SolutionGuid = {60DBBF52-1B99-4548-A05C-A2C006CD055B}
	EndGlobalSection
EndGlobal
